<?xml version="1.0" encoding="utf-8"?>
<Project ToolsVersion="4.0" xmlns="http://schemas.microsoft.com/developer/msbuild/2003">
  <ItemGroup>
    <Filter Include="Source Files">
      <UniqueIdentifier>{4FC737F1-C7A5-4376-A066-2A32D752A2FF}</UniqueIdentifier>
      <Extensions>cpp;c;cc;cxx;c++;cppm;ixx;def;odl;idl;hpj;bat;asm;asmx</Extensions>
    </Filter>
    <Filter Include="Header Files">
      <UniqueIdentifier>{93995380-89BD-4b04-88EB-625FBE52EBFB}</UniqueIdentifier>
      <Extensions>h;hh;hpp;hxx;h++;hm;inl;inc;ipp;xsd</Extensions>
    </Filter>
    <Filter Include="Resource Files">
      <UniqueIdentifier>{67DA6AB6-F800-4c08-8B7A-83BB121AAD01}</UniqueIdentifier>
      <Extensions>rc;ico;cur;bmp;dlg;rc2;rct;bin;rgs;gif;jpg;jpeg;jpe;resx;tiff;tif;png;wav;mfcribbon-ms</Extensions>
    </Filter>
  </ItemGroup>
  <ItemGroup>
    <ClCompile Include="main.cpp">
      <Filter>Source Files</Filter>
    </ClCompile>
    <ClCompile Include="pch.cpp">
      <Filter>Source Files</Filter>
    </ClCompile>
    <ClCompile Include="DMA\DMA.cpp">
      <Filter>Source Files</Filter>
    </ClCompile>
    <ClCompile Include="DMA\Process.cpp">
      <Filter>Source Files</Filter>
    </ClCompile>
    <ClCompile Include="GUI\Main Window\Main Window.cpp">
      <Filter>Source Files</Filter>
    </ClCompile>
    <ClCompile Include="..\Dependencies\ImGui\imgui.cpp">
      <Filter>Source Files</Filter>
    </ClCompile>
    <ClCompile Include="..\Dependencies\ImGui\imgui_demo.cpp">
      <Filter>Source Files</Filter>
    </ClCompile>
    <ClCompile Include="..\Dependencies\ImGui\imgui_draw.cpp">
      <Filter>Source Files</Filter>
    </ClCompile>
    <ClCompile Include="..\Dependencies\ImGui\imgui_impl_dx11.cpp">
      <Filter>Source Files</Filter>
    </ClCompile>
    <ClCompile Include="..\Dependencies\ImGui\imgui_impl_win32.cpp">
      <Filter>Source Files</Filter>
    </ClCompile>
    <ClCompile Include="..\Dependencies\ImGui\imgui_tables.cpp">
      <Filter>Source Files</Filter>
    </ClCompile>
    <ClCompile Include="..\Dependencies\ImGui\imgui_widgets.cpp">
      <Filter>Source Files</Filter>
    </ClCompile>
    <ClCompile Include="GUI\Fuser\Fuser.cpp">
      <Filter>Source Files</Filter>
    </ClCompile>
    <ClCompile Include="GUI\Fuser\ESP\ESP.cpp">
      <Filter>Source Files</Filter>
    </ClCompile>
    <ClCompile Include="GUI\Color Picker\Color Picker.cpp">
      <Filter>Source Files</Filter>
    </ClCompile>
    <ClCompile Include="DMA\MultiScan.cpp">
      <Filter>Source Files</Filter>
    </ClCompile>
    <ClCompile Include="..\Dependencies\Tracy\0.13.0\TracyClient.cpp">
      <Filter>Source Files</Filter>
    </ClCompile>
    <ClCompile Include="..\Dependencies\Catch\3.11.0\catch_amalgamated.cpp">
      <Filter>Source Files</Filter>
    </ClCompile>
    <ClCompile Include="DMA\DMA Thread.cpp">
      <Filter>Source Files</Filter>
    </ClCompile>
    <ClCompile Include="GUI\Query.cpp">
      <Filter>Source Files</Filter>
    </ClCompile>
    <ClCompile Include="DMA\Input Manager.cpp">
      <Filter>Source Files</Filter>
    </ClCompile>
    <ClCompile Include="GUI\Keybinds\Keybinds.cpp">
      <Filter>Source Files</Filter>
    </ClCompile>
    <ClCompile Include="TF2\TF2.cpp">
      <Filter>Source Files</Filter>
    </ClCompile>
    <ClCompile Include="TF2\IEntityList\IEntityList.cpp">
      <Filter>Source Files</Filter>
    </ClCompile>
    <ClCompile Include="TF2\Classes\CBaseEntity\CBaseEntity.cpp">
      <Filter>Source Files</Filter>
    </ClCompile>
    <ClCompile Include="TF2\Classes\CBuilding\CBuilding.cpp">
      <Filter>Source Files</Filter>
    </ClCompile>
    <ClCompile Include="TF2\Classes\CSentryGun\CSentryGun.cpp">
      <Filter>Source Files</Filter>
    </ClCompile>
    <ClCompile Include="TF2\Classes\CTFPlayer\CTFPlayer.cpp">
      <Filter>Source Files</Filter>
    </ClCompile>
    <ClCompile Include="TF2\Offsets\Offsets.cpp">
      <Filter>Source Files</Filter>
    </ClCompile>
    <ClCompile Include="TF2\Camera\Camera.cpp">
      <Filter>Source Files</Filter>
    </ClCompile>
    <ClCompile Include="GUI\Fuser\ESP\Draw\Players.cpp">
      <Filter>Source Files</Filter>
    </ClCompile>
    <ClCompile Include="Engine\Math\MatrixMath.cpp">
      <Filter>Source Files</Filter>
    </ClCompile>
  </ItemGroup>
  <ItemGroup>
    <ClInclude Include="pch.h">
      <Filter>Header Files</Filter>
    </ClInclude>
    <ClInclude Include="DMA\DMA.h">
      <Filter>Header Files</Filter>
    </ClInclude>
    <ClInclude Include="DMA\Process.h">
      <Filter>Header Files</Filter>
    </ClInclude>
    <ClInclude Include="Engine\Vector3.h">
      <Filter>Header Files</Filter>
    </ClInclude>
    <ClInclude Include="Engine\Vector2.h">
      <Filter>Header Files</Filter>
    </ClInclude>
    <ClInclude Include="Engine\Matrix.h">
      <Filter>Header Files</Filter>
    </ClInclude>
    <ClInclude Include="Engine\Vector4.h">
      <Filter>Header Files</Filter>
    </ClInclude>
    <ClInclude Include="GUI\Main Window\Main Window.h">
      <Filter>Header Files</Filter>
    </ClInclude>
    <ClInclude Include="..\Dependencies\ImGui\imconfig.h">
      <Filter>Header Files</Filter>
    </ClInclude>
    <ClInclude Include="..\Dependencies\ImGui\imgui.h">
      <Filter>Header Files</Filter>
    </ClInclude>
    <ClInclude Include="..\Dependencies\ImGui\imgui_impl_dx11.h">
      <Filter>Header Files</Filter>
    </ClInclude>
    <ClInclude Include="..\Dependencies\ImGui\imgui_impl_win32.h">
      <Filter>Header Files</Filter>
    </ClInclude>
    <ClInclude Include="..\Dependencies\ImGui\imgui_internal.h">
      <Filter>Header Files</Filter>
    </ClInclude>
    <ClInclude Include="..\Dependencies\ImGui\imstb_rectpack.h">
      <Filter>Header Files</Filter>
    </ClInclude>
    <ClInclude Include="..\Dependencies\ImGui\imstb_textedit.h">
      <Filter>Header Files</Filter>
    </ClInclude>
    <ClInclude Include="..\Dependencies\ImGui\imstb_truetype.h">
      <Filter>Header Files</Filter>
    </ClInclude>
    <ClInclude Include="GUI\Fuser\Fuser.h">
      <Filter>Header Files</Filter>
    </ClInclude>
    <ClInclude Include="GUI\Fuser\ESP\ESP.h">
      <Filter>Header Files</Filter>
    </ClInclude>
    <ClInclude Include="GUI\Debug\Player List\Player List.h">
      <Filter>Header Files</Filter>
    </ClInclude>
    <ClInclude Include="GUI\Color Picker\Color Picker.h">
      <Filter>Header Files</Filter>
    </ClInclude>
    <ClInclude Include="GUI\Main Window\Styles\DeepDark.hpp">
      <Filter>Header Files</Filter>
    </ClInclude>
    <ClInclude Include="DMA\MultiScan.h">
      <Filter>Header Files</Filter>
    </ClInclude>
    <ClInclude Include="DMA\DMA Thread.h">
      <Filter>Header Files</Filter>
    </ClInclude>
    <ClInclude Include="GUI\Fonts\Data\Font Data.h">
      <Filter>Header Files</Filter>
    </ClInclude>
    <ClInclude Include="GUI\Fonts\Data\StackSans-Regular.h">
      <Filter>Header Files</Filter>
    </ClInclude>
    <ClInclude Include="GUI\Fonts\Data\StackSans-SemiBold.h">
      <Filter>Header Files</Filter>
    </ClInclude>
    <ClInclude Include="GUI\Fonts\Fonts.h">
      <Filter>Header Files</Filter>
    </ClInclude>
    <ClInclude Include="GUI\Query.h">
      <Filter>Header Files</Filter>
    </ClInclude>
    <ClInclude Include="DMA\Input Manager.h">
      <Filter>Header Files</Filter>
    </ClInclude>
    <ClInclude Include="GUI\Keybinds\Keybinds.h">
      <Filter>Header Files</Filter>
    </ClInclude>
    <ClInclude Include="TF2\TF2.h">
      <Filter>Header Files</Filter>
    </ClInclude>
    <ClInclude Include="TF2\IEntityList\IEntityList.h">
      <Filter>Header Files</Filter>
    </ClInclude>
    <ClInclude Include="TF2\Classes\EntityClasses.h">
      <Filter>Header Files</Filter>
    </ClInclude>
    <ClInclude Include="TF2\Classes\CBaseEntity\CBaseEntity.h">
      <Filter>Header Files</Filter>
    </ClInclude>
    <ClInclude Include="TF2\Classes\CBuilding\CBuilding.h">
      <Filter>Header Files</Filter>
    </ClInclude>
    <ClInclude Include="TF2\Classes\CSentryGun\CSentryGun.h">
      <Filter>Header Files</Filter>
    </ClInclude>
    <ClInclude Include="TF2\Classes\CTFPlayer\BoneArray.h">
      <Filter>Header Files</Filter>
    </ClInclude>
    <ClInclude Include="TF2\Classes\CTFPlayer\ConditionBits.h">
      <Filter>Header Files</Filter>
    </ClInclude>
    <ClInclude Include="TF2\Classes\CTFPlayer\CTFPlayer.h">
      <Filter>Header Files</Filter>
    </ClInclude>
    <ClInclude Include="TF2\Classes\Misc.h">
      <Filter>Header Files</Filter>
    </ClInclude>
    <ClInclude Include="TF2\Constants\eTFClass.h">
      <Filter>Header Files</Filter>
    </ClInclude>
    <ClInclude Include="TF2\Constants\Strings\ConstStrings.h">
      <Filter>Header Files</Filter>
    </ClInclude>
    <ClInclude Include="TF2\Constants\Strings\StatusEffects.h">
      <Filter>Header Files</Filter>
    </ClInclude>
    <ClInclude Include="TF2\Constants\Strings\EntityNames.h">
      <Filter>Header Files</Filter>
    </ClInclude>
    <ClInclude Include="TF2\Constants\eTFCond.h">
      <Filter>Header Files</Filter>
    </ClInclude>
    <ClInclude Include="TF2\Offsets\Offsets.h">
      <Filter>Header Files</Filter>
    </ClInclude>
    <ClInclude Include="TF2\Camera\Camera.h">
      <Filter>Header Files</Filter>
    </ClInclude>
    <ClInclude Include="GUI\Fuser\ESP\Draw\Players.h">
      <Filter>Header Files</Filter>
    </ClInclude>
    <ClInclude Include="Engine\Math\MatrixMath.h">
      <Filter>Header Files</Filter>
    </ClInclude>
  </ItemGroup>
</Project>